// !$*UTF8*$!
{
	archiveVersion = 1;
	classes = {
	};
	objectVersion = 56;
	objects = {

/* Begin PBXBuildFile section */
		17B31CB12BE36FF600EAF36F /* AppDelegate.swift in Sources */ = {isa = PBXBuildFile; fileRef = 17B31CB02BE36FF600EAF36F /* AppDelegate.swift */; };
		17B31CBA2BE36FF800EAF36F /* Assets.xcassets in Resources */ = {isa = PBXBuildFile; fileRef = 17B31CB92BE36FF800EAF36F /* Assets.xcassets */; };
		17B31CBD2BE36FF800EAF36F /* Base in Resources */ = {isa = PBXBuildFile; fileRef = 17B31CBC2BE36FF800EAF36F /* Base */; };
		17B31CC62BE370F800EAF36F /* MainViewController.swift in Sources */ = {isa = PBXBuildFile; fileRef = 17B31CC52BE370F800EAF36F /* MainViewController.swift */; };
		17B31CD02BE3767100EAF36F /* MainViewModel.swift in Sources */ = {isa = PBXBuildFile; fileRef = 17B31CCF2BE3767100EAF36F /* MainViewModel.swift */; };
		17B31CD22BE37DEF00EAF36F /* NetworkConstants.swift in Sources */ = {isa = PBXBuildFile; fileRef = 17B31CD12BE37DEF00EAF36F /* NetworkConstants.swift */; };
		17B31CD62BE3807900EAF36F /* TrendingMoviesModel.swift in Sources */ = {isa = PBXBuildFile; fileRef = 17B31CD52BE3807900EAF36F /* TrendingMoviesModel.swift */; };
		17B31CDA2BE3848C00EAF36F /* NetworkService.swift in Sources */ = {isa = PBXBuildFile; fileRef = 17B31CD92BE3848C00EAF36F /* NetworkService.swift */; };
		17B31CDC2BE385D500EAF36F /* NetworkError.swift in Sources */ = {isa = PBXBuildFile; fileRef = 17B31CDB2BE385D500EAF36F /* NetworkError.swift */; };
		17B31CDE2BE3A08300EAF36F /* Observable.swift in Sources */ = {isa = PBXBuildFile; fileRef = 17B31CDD2BE3A08300EAF36F /* Observable.swift */; };
		17B31CE02BE3C3A400EAF36F /* MainVC + TableView.swift in Sources */ = {isa = PBXBuildFile; fileRef = 17B31CDF2BE3C3A400EAF36F /* MainVC + TableView.swift */; };
		17B31CE22BE4D20000EAF36F /* MainMovieCell.swift in Sources */ = {isa = PBXBuildFile; fileRef = 17B31CE12BE4D20000EAF36F /* MainMovieCell.swift */; };
		17B31CE42BE4D95A00EAF36F /* MainMovieCellViewModel.swift in Sources */ = {isa = PBXBuildFile; fileRef = 17B31CE32BE4D95A00EAF36F /* MainMovieCellViewModel.swift */; };
		17B31CE72BE4DD0600EAF36F /* SDWebImage in Frameworks */ = {isa = PBXBuildFile; productRef = 17B31CE62BE4DD0600EAF36F /* SDWebImage */; };
		17B31CE92BE4DD0600EAF36F /* SDWebImageMapKit in Frameworks */ = {isa = PBXBuildFile; productRef = 17B31CE82BE4DD0600EAF36F /* SDWebImageMapKit */; };
		17B31CEB2BE4F5B200EAF36F /* Double + extension.swift in Sources */ = {isa = PBXBuildFile; fileRef = 17B31CEA2BE4F5B200EAF36F /* Double + extension.swift */; };
		17B31CEE2BE5226A00EAF36F /* DetailsMovieViewController.swift in Sources */ = {isa = PBXBuildFile; fileRef = 17B31CED2BE5226A00EAF36F /* DetailsMovieViewController.swift */; };
		17B31CF02BE549B400EAF36F /* DetailsMovieViewModel.swift in Sources */ = {isa = PBXBuildFile; fileRef = 17B31CEF2BE549B400EAF36F /* DetailsMovieViewModel.swift */; };
/* End PBXBuildFile section */

/* Begin PBXFileReference section */
		17B31CAD2BE36FF600EAF36F /* Movietrending.app */ = {isa = PBXFileReference; explicitFileType = wrapper.application; includeInIndex = 0; path = Movietrending.app; sourceTree = BUILT_PRODUCTS_DIR; };
		17B31CB02BE36FF600EAF36F /* AppDelegate.swift */ = {isa = PBXFileReference; lastKnownFileType = sourcecode.swift; path = AppDelegate.swift; sourceTree = "<group>"; };
		17B31CB92BE36FF800EAF36F /* Assets.xcassets */ = {isa = PBXFileReference; lastKnownFileType = folder.assetcatalog; path = Assets.xcassets; sourceTree = "<group>"; };
		17B31CBC2BE36FF800EAF36F /* Base */ = {isa = PBXFileReference; lastKnownFileType = file.storyboard; name = Base; path = Base.lproj/LaunchScreen.storyboard; sourceTree = "<group>"; };
		17B31CBE2BE36FF800EAF36F /* Info.plist */ = {isa = PBXFileReference; lastKnownFileType = text.plist.xml; path = Info.plist; sourceTree = "<group>"; };
		17B31CC52BE370F800EAF36F /* MainViewController.swift */ = {isa = PBXFileReference; lastKnownFileType = sourcecode.swift; path = MainViewController.swift; sourceTree = "<group>"; };
		17B31CCF2BE3767100EAF36F /* MainViewModel.swift */ = {isa = PBXFileReference; lastKnownFileType = sourcecode.swift; path = MainViewModel.swift; sourceTree = "<group>"; };
		17B31CD12BE37DEF00EAF36F /* NetworkConstants.swift */ = {isa = PBXFileReference; lastKnownFileType = sourcecode.swift; path = NetworkConstants.swift; sourceTree = "<group>"; };
		17B31CD52BE3807900EAF36F /* TrendingMoviesModel.swift */ = {isa = PBXFileReference; lastKnownFileType = sourcecode.swift; path = TrendingMoviesModel.swift; sourceTree = "<group>"; };
		17B31CD92BE3848C00EAF36F /* NetworkService.swift */ = {isa = PBXFileReference; lastKnownFileType = sourcecode.swift; path = NetworkService.swift; sourceTree = "<group>"; };
		17B31CDB2BE385D500EAF36F /* NetworkError.swift */ = {isa = PBXFileReference; lastKnownFileType = sourcecode.swift; path = NetworkError.swift; sourceTree = "<group>"; };
		17B31CDD2BE3A08300EAF36F /* Observable.swift */ = {isa = PBXFileReference; lastKnownFileType = sourcecode.swift; path = Observable.swift; sourceTree = "<group>"; };
		17B31CDF2BE3C3A400EAF36F /* MainVC + TableView.swift */ = {isa = PBXFileReference; lastKnownFileType = sourcecode.swift; path = "MainVC + TableView.swift"; sourceTree = "<group>"; };
		17B31CE12BE4D20000EAF36F /* MainMovieCell.swift */ = {isa = PBXFileReference; lastKnownFileType = sourcecode.swift; path = MainMovieCell.swift; sourceTree = "<group>"; };
		17B31CE32BE4D95A00EAF36F /* MainMovieCellViewModel.swift */ = {isa = PBXFileReference; lastKnownFileType = sourcecode.swift; path = MainMovieCellViewModel.swift; sourceTree = "<group>"; };
		17B31CEA2BE4F5B200EAF36F /* Double + extension.swift */ = {isa = PBXFileReference; lastKnownFileType = sourcecode.swift; path = "Double + extension.swift"; sourceTree = "<group>"; };
		17B31CED2BE5226A00EAF36F /* DetailsMovieViewController.swift */ = {isa = PBXFileReference; lastKnownFileType = sourcecode.swift; path = DetailsMovieViewController.swift; sourceTree = "<group>"; };
		17B31CEF2BE549B400EAF36F /* DetailsMovieViewModel.swift */ = {isa = PBXFileReference; lastKnownFileType = sourcecode.swift; path = DetailsMovieViewModel.swift; sourceTree = "<group>"; };
/* End PBXFileReference section */

/* Begin PBXFrameworksBuildPhase section */
		17B31CAA2BE36FF600EAF36F /* Frameworks */ = {
			isa = PBXFrameworksBuildPhase;
			buildActionMask = 2147483647;
			files = (
				17B31CE92BE4DD0600EAF36F /* SDWebImageMapKit in Frameworks */,
				17B31CE72BE4DD0600EAF36F /* SDWebImage in Frameworks */,
			);
			runOnlyForDeploymentPostprocessing = 0;
		};
/* End PBXFrameworksBuildPhase section */

/* Begin PBXGroup section */
		17B31CA42BE36FF600EAF36F = {
			isa = PBXGroup;
			children = (
				17B31CAF2BE36FF600EAF36F /* Movietrending */,
				17B31CAE2BE36FF600EAF36F /* Products */,
			);
			sourceTree = "<group>";
		};
		17B31CAE2BE36FF600EAF36F /* Products */ = {
			isa = PBXGroup;
			children = (
				17B31CAD2BE36FF600EAF36F /* Movietrending.app */,
			);
			name = Products;
			sourceTree = "<group>";
		};
		17B31CAF2BE36FF600EAF36F /* Movietrending */ = {
			isa = PBXGroup;
			children = (
				17B31CCE2BE372C200EAF36F /* Networking */,
				17B31CCD2BE372AE00EAF36F /* Extensions */,
				17B31CCC2BE3729C00EAF36F /* Resources */,
				17B31CCB2BE3728C00EAF36F /* Helper */,
				17B31CCA2BE3728200EAF36F /* Model */,
				17B31CC92BE3726B00EAF36F /* Controllers */,
				17B31CC82BE3726200EAF36F /* ViewModel */,
				17B31CC72BE3725900EAF36F /* View */,
				17B31CB02BE36FF600EAF36F /* AppDelegate.swift */,
				17B31CBE2BE36FF800EAF36F /* Info.plist */,
			);
			path = Movietrending;
			sourceTree = "<group>";
		};
		17B31CC42BE370E300EAF36F /* MainViewController */ = {
			isa = PBXGroup;
			children = (
				17B31CDF2BE3C3A400EAF36F /* MainVC + TableView.swift */,
				17B31CC52BE370F800EAF36F /* MainViewController.swift */,
			);
			path = MainViewController;
			sourceTree = "<group>";
		};
		17B31CC72BE3725900EAF36F /* View */ = {
			isa = PBXGroup;
			children = (
				17B31CBB2BE36FF800EAF36F /* LaunchScreen.storyboard */,
				17B31CE12BE4D20000EAF36F /* MainMovieCell.swift */,
			);
			path = View;
			sourceTree = "<group>";
		};
		17B31CC82BE3726200EAF36F /* ViewModel */ = {
			isa = PBXGroup;
			children = (
				17B31CCF2BE3767100EAF36F /* MainViewModel.swift */,
				17B31CE32BE4D95A00EAF36F /* MainMovieCellViewModel.swift */,
				17B31CEF2BE549B400EAF36F /* DetailsMovieViewModel.swift */,
			);
			path = ViewModel;
			sourceTree = "<group>";
		};
		17B31CC92BE3726B00EAF36F /* Controllers */ = {
			isa = PBXGroup;
			children = (
				17B31CEC2BE5224F00EAF36F /* DetailViewController */,
				17B31CC42BE370E300EAF36F /* MainViewController */,
			);
			path = Controllers;
			sourceTree = "<group>";
		};
		17B31CCA2BE3728200EAF36F /* Model */ = {
			isa = PBXGroup;
			children = (
				17B31CD52BE3807900EAF36F /* TrendingMoviesModel.swift */,
			);
			path = Model;
			sourceTree = "<group>";
		};
		17B31CCB2BE3728C00EAF36F /* Helper */ = {
			isa = PBXGroup;
			children = (
				17B31CDD2BE3A08300EAF36F /* Observable.swift */,
			);
			path = Helper;
			sourceTree = "<group>";
		};
		17B31CCC2BE3729C00EAF36F /* Resources */ = {
			isa = PBXGroup;
			children = (
				17B31CB92BE36FF800EAF36F /* Assets.xcassets */,
			);
			path = Resources;
			sourceTree = "<group>";
		};
		17B31CCD2BE372AE00EAF36F /* Extensions */ = {
			isa = PBXGroup;
			children = (
				17B31CEA2BE4F5B200EAF36F /* Double + extension.swift */,
			);
			path = Extensions;
			sourceTree = "<group>";
		};
		17B31CCE2BE372C200EAF36F /* Networking */ = {
			isa = PBXGroup;
			children = (
				17B31CD12BE37DEF00EAF36F /* NetworkConstants.swift */,
				17B31CD92BE3848C00EAF36F /* NetworkService.swift */,
				17B31CDB2BE385D500EAF36F /* NetworkError.swift */,
			);
			path = Networking;
			sourceTree = "<group>";
		};
		17B31CEC2BE5224F00EAF36F /* DetailViewController */ = {
			isa = PBXGroup;
			children = (
				17B31CED2BE5226A00EAF36F /* DetailsMovieViewController.swift */,
			);
			path = DetailViewController;
			sourceTree = "<group>";
		};
/* End PBXGroup section */

/* Begin PBXNativeTarget section */
		17B31CAC2BE36FF600EAF36F /* Movietrending */ = {
			isa = PBXNativeTarget;
			buildConfigurationList = 17B31CC12BE36FF800EAF36F /* Build configuration list for PBXNativeTarget "Movietrending" */;
			buildPhases = (
				17B31CA92BE36FF600EAF36F /* Sources */,
				17B31CAA2BE36FF600EAF36F /* Frameworks */,
				17B31CAB2BE36FF600EAF36F /* Resources */,
			);
			buildRules = (
			);
			dependencies = (
			);
			name = Movietrending;
			packageProductDependencies = (
				17B31CE62BE4DD0600EAF36F /* SDWebImage */,
				17B31CE82BE4DD0600EAF36F /* SDWebImageMapKit */,
			);
			productName = Movietrending;
			productReference = 17B31CAD2BE36FF600EAF36F /* Movietrending.app */;
			productType = "com.apple.product-type.application";
		};
/* End PBXNativeTarget section */

/* Begin PBXProject section */
		17B31CA52BE36FF600EAF36F /* Project object */ = {
			isa = PBXProject;
			attributes = {
				BuildIndependentTargetsInParallel = 1;
				LastSwiftUpdateCheck = 1530;
				LastUpgradeCheck = 1530;
				TargetAttributes = {
					17B31CAC2BE36FF600EAF36F = {
						CreatedOnToolsVersion = 15.3;
					};
				};
			};
			buildConfigurationList = 17B31CA82BE36FF600EAF36F /* Build configuration list for PBXProject "Movietrending" */;
			compatibilityVersion = "Xcode 14.0";
			developmentRegion = en;
			hasScannedForEncodings = 0;
			knownRegions = (
				en,
				Base,
			);
			mainGroup = 17B31CA42BE36FF600EAF36F;
			packageReferences = (
				17B31CE52BE4DD0600EAF36F /* XCRemoteSwiftPackageReference "SDWebImage" */,
			);
			productRefGroup = 17B31CAE2BE36FF600EAF36F /* Products */;
			projectDirPath = "";
			projectRoot = "";
			targets = (
				17B31CAC2BE36FF600EAF36F /* Movietrending */,
			);
		};
/* End PBXProject section */

/* Begin PBXResourcesBuildPhase section */
		17B31CAB2BE36FF600EAF36F /* Resources */ = {
			isa = PBXResourcesBuildPhase;
			buildActionMask = 2147483647;
			files = (
				17B31CBA2BE36FF800EAF36F /* Assets.xcassets in Resources */,
				17B31CBD2BE36FF800EAF36F /* Base in Resources */,
			);
			runOnlyForDeploymentPostprocessing = 0;
		};
/* End PBXResourcesBuildPhase section */

/* Begin PBXSourcesBuildPhase section */
		17B31CA92BE36FF600EAF36F /* Sources */ = {
			isa = PBXSourcesBuildPhase;
			buildActionMask = 2147483647;
			files = (
				17B31CF02BE549B400EAF36F /* DetailsMovieViewModel.swift in Sources */,
				17B31CEE2BE5226A00EAF36F /* DetailsMovieViewController.swift in Sources */,
				17B31CDE2BE3A08300EAF36F /* Observable.swift in Sources */,
				17B31CD22BE37DEF00EAF36F /* NetworkConstants.swift in Sources */,
				17B31CDC2BE385D500EAF36F /* NetworkError.swift in Sources */,
				17B31CB12BE36FF600EAF36F /* AppDelegate.swift in Sources */,
				17B31CE02BE3C3A400EAF36F /* MainVC + TableView.swift in Sources */,
				17B31CE22BE4D20000EAF36F /* MainMovieCell.swift in Sources */,
				17B31CD62BE3807900EAF36F /* TrendingMoviesModel.swift in Sources */,
				17B31CC62BE370F800EAF36F /* MainViewController.swift in Sources */,
				17B31CD02BE3767100EAF36F /* MainViewModel.swift in Sources */,
				17B31CE42BE4D95A00EAF36F /* MainMovieCellViewModel.swift in Sources */,
				17B31CEB2BE4F5B200EAF36F /* Double + extension.swift in Sources */,
				17B31CDA2BE3848C00EAF36F /* NetworkService.swift in Sources */,
			);
			runOnlyForDeploymentPostprocessing = 0;
		};
/* End PBXSourcesBuildPhase section */

/* Begin PBXVariantGroup section */
		17B31CBB2BE36FF800EAF36F /* LaunchScreen.storyboard */ = {
			isa = PBXVariantGroup;
			children = (
				17B31CBC2BE36FF800EAF36F /* Base */,
			);
			name = LaunchScreen.storyboard;
			sourceTree = "<group>";
		};
/* End PBXVariantGroup section */

/* Begin XCBuildConfiguration section */
		17B31CBF2BE36FF800EAF36F /* Debug */ = {
			isa = XCBuildConfiguration;
			buildSettings = {
				ALWAYS_SEARCH_USER_PATHS = NO;
				ASSETCATALOG_COMPILER_GENERATE_SWIFT_ASSET_SYMBOL_EXTENSIONS = YES;
				CLANG_ANALYZER_NONNULL = YES;
				CLANG_ANALYZER_NUMBER_OBJECT_CONVERSION = YES_AGGRESSIVE;
				CLANG_CXX_LANGUAGE_STANDARD = "gnu++20";
				CLANG_ENABLE_MODULES = YES;
				CLANG_ENABLE_OBJC_ARC = YES;
				CLANG_ENABLE_OBJC_WEAK = YES;
				CLANG_WARN_BLOCK_CAPTURE_AUTORELEASING = YES;
				CLANG_WARN_BOOL_CONVERSION = YES;
				CLANG_WARN_COMMA = YES;
				CLANG_WARN_CONSTANT_CONVERSION = YES;
				CLANG_WARN_DEPRECATED_OBJC_IMPLEMENTATIONS = YES;
				CLANG_WARN_DIRECT_OBJC_ISA_USAGE = YES_ERROR;
				CLANG_WARN_DOCUMENTATION_COMMENTS = YES;
				CLANG_WARN_EMPTY_BODY = YES;
				CLANG_WARN_ENUM_CONVERSION = YES;
				CLANG_WARN_INFINITE_RECURSION = YES;
				CLANG_WARN_INT_CONVERSION = YES;
				CLANG_WARN_NON_LITERAL_NULL_CONVERSION = YES;
				CLANG_WARN_OBJC_IMPLICIT_RETAIN_SELF = YES;
				CLANG_WARN_OBJC_LITERAL_CONVERSION = YES;
				CLANG_WARN_OBJC_ROOT_CLASS = YES_ERROR;
				CLANG_WARN_QUOTED_INCLUDE_IN_FRAMEWORK_HEADER = YES;
				CLANG_WARN_RANGE_LOOP_ANALYSIS = YES;
				CLANG_WARN_STRICT_PROTOTYPES = YES;
				CLANG_WARN_SUSPICIOUS_MOVE = YES;
				CLANG_WARN_UNGUARDED_AVAILABILITY = YES_AGGRESSIVE;
				CLANG_WARN_UNREACHABLE_CODE = YES;
				CLANG_WARN__DUPLICATE_METHOD_MATCH = YES;
				COPY_PHASE_STRIP = NO;
				DEBUG_INFORMATION_FORMAT = dwarf;
				ENABLE_STRICT_OBJC_MSGSEND = YES;
				ENABLE_TESTABILITY = YES;
				ENABLE_USER_SCRIPT_SANDBOXING = YES;
				GCC_C_LANGUAGE_STANDARD = gnu17;
				GCC_DYNAMIC_NO_PIC = NO;
				GCC_NO_COMMON_BLOCKS = YES;
				GCC_OPTIMIZATION_LEVEL = 0;
				GCC_PREPROCESSOR_DEFINITIONS = (
					"DEBUG=1",
					"$(inherited)",
				);
				GCC_WARN_64_TO_32_BIT_CONVERSION = YES;
				GCC_WARN_ABOUT_RETURN_TYPE = YES_ERROR;
				GCC_WARN_UNDECLARED_SELECTOR = YES;
				GCC_WARN_UNINITIALIZED_AUTOS = YES_AGGRESSIVE;
				GCC_WARN_UNUSED_FUNCTION = YES;
				GCC_WARN_UNUSED_VARIABLE = YES;
				IPHONEOS_DEPLOYMENT_TARGET = 17.4;
				LOCALIZATION_PREFERS_STRING_CATALOGS = YES;
				MTL_ENABLE_DEBUG_INFO = INCLUDE_SOURCE;
				MTL_FAST_MATH = YES;
				ONLY_ACTIVE_ARCH = YES;
				SDKROOT = iphoneos;
				SWIFT_ACTIVE_COMPILATION_CONDITIONS = "DEBUG $(inherited)";
				SWIFT_OPTIMIZATION_LEVEL = "-Onone";
			};
			name = Debug;
		};
		17B31CC02BE36FF800EAF36F /* Release */ = {
			isa = XCBuildConfiguration;
			buildSettings = {
				ALWAYS_SEARCH_USER_PATHS = NO;
				ASSETCATALOG_COMPILER_GENERATE_SWIFT_ASSET_SYMBOL_EXTENSIONS = YES;
				CLANG_ANALYZER_NONNULL = YES;
				CLANG_ANALYZER_NUMBER_OBJECT_CONVERSION = YES_AGGRESSIVE;
				CLANG_CXX_LANGUAGE_STANDARD = "gnu++20";
				CLANG_ENABLE_MODULES = YES;
				CLANG_ENABLE_OBJC_ARC = YES;
				CLANG_ENABLE_OBJC_WEAK = YES;
				CLANG_WARN_BLOCK_CAPTURE_AUTORELEASING = YES;
				CLANG_WARN_BOOL_CONVERSION = YES;
				CLANG_WARN_COMMA = YES;
				CLANG_WARN_CONSTANT_CONVERSION = YES;
				CLANG_WARN_DEPRECATED_OBJC_IMPLEMENTATIONS = YES;
				CLANG_WARN_DIRECT_OBJC_ISA_USAGE = YES_ERROR;
				CLANG_WARN_DOCUMENTATION_COMMENTS = YES;
				CLANG_WARN_EMPTY_BODY = YES;
				CLANG_WARN_ENUM_CONVERSION = YES;
				CLANG_WARN_INFINITE_RECURSION = YES;
				CLANG_WARN_INT_CONVERSION = YES;
				CLANG_WARN_NON_LITERAL_NULL_CONVERSION = YES;
				CLANG_WARN_OBJC_IMPLICIT_RETAIN_SELF = YES;
				CLANG_WARN_OBJC_LITERAL_CONVERSION = YES;
				CLANG_WARN_OBJC_ROOT_CLASS = YES_ERROR;
				CLANG_WARN_QUOTED_INCLUDE_IN_FRAMEWORK_HEADER = YES;
				CLANG_WARN_RANGE_LOOP_ANALYSIS = YES;
				CLANG_WARN_STRICT_PROTOTYPES = YES;
				CLANG_WARN_SUSPICIOUS_MOVE = YES;
				CLANG_WARN_UNGUARDED_AVAILABILITY = YES_AGGRESSIVE;
				CLANG_WARN_UNREACHABLE_CODE = YES;
				CLANG_WARN__DUPLICATE_METHOD_MATCH = YES;
				COPY_PHASE_STRIP = NO;
				DEBUG_INFORMATION_FORMAT = "dwarf-with-dsym";
				ENABLE_NS_ASSERTIONS = NO;
				ENABLE_STRICT_OBJC_MSGSEND = YES;
				ENABLE_USER_SCRIPT_SANDBOXING = YES;
				GCC_C_LANGUAGE_STANDARD = gnu17;
				GCC_NO_COMMON_BLOCKS = YES;
				GCC_WARN_64_TO_32_BIT_CONVERSION = YES;
				GCC_WARN_ABOUT_RETURN_TYPE = YES_ERROR;
				GCC_WARN_UNDECLARED_SELECTOR = YES;
				GCC_WARN_UNINITIALIZED_AUTOS = YES_AGGRESSIVE;
				GCC_WARN_UNUSED_FUNCTION = YES;
				GCC_WARN_UNUSED_VARIABLE = YES;
				IPHONEOS_DEPLOYMENT_TARGET = 17.4;
				LOCALIZATION_PREFERS_STRING_CATALOGS = YES;
				MTL_ENABLE_DEBUG_INFO = NO;
				MTL_FAST_MATH = YES;
				SDKROOT = iphoneos;
				SWIFT_COMPILATION_MODE = wholemodule;
				VALIDATE_PRODUCT = YES;
			};
			name = Release;
		};
		17B31CC22BE36FF800EAF36F /* Debug */ = {
			isa = XCBuildConfiguration;
			buildSettings = {
				ASSETCATALOG_COMPILER_APPICON_NAME = AppIcon;
				ASSETCATALOG_COMPILER_GLOBAL_ACCENT_COLOR_NAME = AccentColor;
				CODE_SIGN_STYLE = Automatic;
				CURRENT_PROJECT_VERSION = 1;
				DEVELOPMENT_TEAM = 6CZNS4ZZ97;
				GENERATE_INFOPLIST_FILE = YES;
				INFOPLIST_FILE = Movietrending/Info.plist;
				INFOPLIST_KEY_UIApplicationSupportsIndirectInputEvents = YES;
				INFOPLIST_KEY_UILaunchStoryboardName = LaunchScreen;
				INFOPLIST_KEY_UISupportedInterfaceOrientations = UIInterfaceOrientationPortrait;
				INFOPLIST_KEY_UISupportedInterfaceOrientations_iPad = "UIInterfaceOrientationLandscapeLeft UIInterfaceOrientationLandscapeRight UIInterfaceOrientationPortrait UIInterfaceOrientationPortraitUpsideDown";
				LD_RUNPATH_SEARCH_PATHS = (
					"$(inherited)",
					"@executable_path/Frameworks",
				);
				MARKETING_VERSION = 1.0;
				PRODUCT_BUNDLE_IDENTIFIER = com.salakhovilfat.Movietrending;
				PRODUCT_NAME = "$(TARGET_NAME)";
				SUPPORTED_PLATFORMS = "iphoneos iphonesimulator";
				SUPPORTS_MACCATALYST = NO;
				SUPPORTS_MAC_DESIGNED_FOR_IPHONE_IPAD = NO;
				SUPPORTS_XR_DESIGNED_FOR_IPHONE_IPAD = NO;
				SWIFT_EMIT_LOC_STRINGS = YES;
				SWIFT_VERSION = 5.0;
				TARGETED_DEVICE_FAMILY = 1;
			};
			name = Debug;
		};
		17B31CC32BE36FF800EAF36F /* Release */ = {
			isa = XCBuildConfiguration;
			buildSettings = {
				ASSETCATALOG_COMPILER_APPICON_NAME = AppIcon;
				ASSETCATALOG_COMPILER_GLOBAL_ACCENT_COLOR_NAME = AccentColor;
				CODE_SIGN_STYLE = Automatic;
				CURRENT_PROJECT_VERSION = 1;
				DEVELOPMENT_TEAM = 6CZNS4ZZ97;
				GENERATE_INFOPLIST_FILE = YES;
				INFOPLIST_FILE = Movietrending/Info.plist;
				INFOPLIST_KEY_UIApplicationSupportsIndirectInputEvents = YES;
				INFOPLIST_KEY_UILaunchStoryboardName = LaunchScreen;
				INFOPLIST_KEY_UISupportedInterfaceOrientations = UIInterfaceOrientationPortrait;
				INFOPLIST_KEY_UISupportedInterfaceOrientations_iPad = "UIInterfaceOrientationLandscapeLeft UIInterfaceOrientationLandscapeRight UIInterfaceOrientationPortrait UIInterfaceOrientationPortraitUpsideDown";
				LD_RUNPATH_SEARCH_PATHS = (
					"$(inherited)",
					"@executable_path/Frameworks",
				);
				MARKETING_VERSION = 1.0;
				PRODUCT_BUNDLE_IDENTIFIER = com.salakhovilfat.Movietrending;
				PRODUCT_NAME = "$(TARGET_NAME)";
				SUPPORTED_PLATFORMS = "iphoneos iphonesimulator";
				SUPPORTS_MACCATALYST = NO;
				SUPPORTS_MAC_DESIGNED_FOR_IPHONE_IPAD = NO;
				SUPPORTS_XR_DESIGNED_FOR_IPHONE_IPAD = NO;
				SWIFT_EMIT_LOC_STRINGS = YES;
				SWIFT_VERSION = 5.0;
				TARGETED_DEVICE_FAMILY = 1;
			};
			name = Release;
		};
/* End XCBuildConfiguration section */

/* Begin XCConfigurationList section */
		17B31CA82BE36FF600EAF36F /* Build configuration list for PBXProject "Movietrending" */ = {
			isa = XCConfigurationList;
			buildConfigurations = (
				17B31CBF2BE36FF800EAF36F /* Debug */,
				17B31CC02BE36FF800EAF36F /* Release */,
			);
			defaultConfigurationIsVisible = 0;
			defaultConfigurationName = Release;
		};
		17B31CC12BE36FF800EAF36F /* Build configuration list for PBXNativeTarget "Movietrending" */ = {
			isa = XCConfigurationList;
			buildConfigurations = (
				17B31CC22BE36FF800EAF36F /* Debug */,
				17B31CC32BE36FF800EAF36F /* Release */,
			);
			defaultConfigurationIsVisible = 0;
			defaultConfigurationName = Release;
		};
/* End XCConfigurationList section */

/* Begin XCRemoteSwiftPackageReference section */
		17B31CE52BE4DD0600EAF36F /* XCRemoteSwiftPackageReference "SDWebImage" */ = {
			isa = XCRemoteSwiftPackageReference;
			repositoryURL = "https://github.com/SDWebImage/SDWebImage";
			requirement = {
				kind = upToNextMajorVersion;
				minimumVersion = 5.19.1;
			};
		};
/* End XCRemoteSwiftPackageReference section */

/* Begin XCSwiftPackageProductDependency section */
		17B31CE62BE4DD0600EAF36F /* SDWebImage */ = {
			isa = XCSwiftPackageProductDependency;
			package = 17B31CE52BE4DD0600EAF36F /* XCRemoteSwiftPackageReference "SDWebImage" */;
			productName = SDWebImage;
		};
		17B31CE82BE4DD0600EAF36F /* SDWebImageMapKit */ = {
			isa = XCSwiftPackageProductDependency;
			package = 17B31CE52BE4DD0600EAF36F /* XCRemoteSwiftPackageReference "SDWebImage" */;
			productName = SDWebImageMapKit;
		};
/* End XCSwiftPackageProductDependency section */
	};
	rootObject = 17B31CA52BE36FF600EAF36F /* Project object */;
}
